
Microsoft Visual Studio Solution File, Format Version 12.00
# Visual Studio 14
VisualStudioVersion = 14.0.25420.1
MinimumVisualStudioVersion = 10.0.40219.1
Project("{FAE04EC0-301F-11D3-BF4B-00C04F79EFBC}") = "ProyectoSoft2", "ProyectoSoft2\ProyectoSoft2.csproj", "{83C54633-DEEF-42D4-8D0D-794AFA187F6F}"
EndProject
Project("{FAE04EC0-301F-11D3-BF4B-00C04F79EFBC}") = "ProyectoSoft2.Tests", "ProyectoSoft2.Tests\ProyectoSoft2.Tests.csproj", "{CD3C565D-F6BF-43FB-ABB4-61172A01DA31}"
EndProject
Global
	GlobalSection(SolutionConfigurationPlatforms) = preSolution
		Debug|Any CPU = Debug|Any CPU
		Release|Any CPU = Release|Any CPU
	EndGlobalSection
	GlobalSection(ProjectConfigurationPlatforms) = postSolution
		{83C54633-DEEF-42D4-8D0D-794AFA187F6F}.Debug|Any CPU.ActiveCfg = Debug|Any CPU
		{83C54633-DEEF-42D4-8D0D-794AFA187F6F}.Debug|Any CPU.Build.0 = Debug|Any CPU
		{83C54633-DEEF-42D4-8D0D-794AFA187F6F}.Release|Any CPU.ActiveCfg = Release|Any CPU
		{83C54633-DEEF-42D4-8D0D-794AFA187F6F}.Release|Any CPU.Build.0 = Release|Any CPU
		{CD3C565D-F6BF-43FB-ABB4-61172A01DA31}.Debug|Any CPU.ActiveCfg = Debug|Any CPU
		{CD3C565D-F6BF-43FB-ABB4-61172A01DA31}.Debug|Any CPU.Build.0 = Debug|Any CPU
		{CD3C565D-F6BF-43FB-ABB4-61172A01DA31}.Release|Any CPU.ActiveCfg = Release|Any CPU
		{CD3C565D-F6BF-43FB-ABB4-61172A01DA31}.Release|Any CPU.Build.0 = Release|Any CPU
	EndGlobalSection
	GlobalSection(SolutionProperties) = preSolution
		HideSolutionNode = FALSE
	EndGlobalSection
EndGlobal
